// !$*UTF8*$!
{
	archiveVersion = 1;
	classes = {
	};
	objectVersion = 56;
	objects = {

/* Begin PBXBuildFile section */
		DBAAF3092A50173400A5A8EF /* DetailNameLabel.swift in Sources */ = {isa = PBXBuildFile; fileRef = DBAAF3082A50173400A5A8EF /* DetailNameLabel.swift */; };
		DBAAF30C2A50183D00A5A8EF /* InstructionsView.swift in Sources */ = {isa = PBXBuildFile; fileRef = DBAAF30B2A50183D00A5A8EF /* InstructionsView.swift */; };
		DBAAF3102A501EFA00A5A8EF /* IngredientView.swift in Sources */ = {isa = PBXBuildFile; fileRef = DBAAF30F2A501EFA00A5A8EF /* IngredientView.swift */; };
		DBAAF3122A50CBFB00A5A8EF /* TitleView.swift in Sources */ = {isa = PBXBuildFile; fileRef = DBAAF3112A50CBFB00A5A8EF /* TitleView.swift */; };
		DBB70A622A4F76590053934F /* RecipeBrowser_SwiftUIApp.swift in Sources */ = {isa = PBXBuildFile; fileRef = DBB70A612A4F76590053934F /* RecipeBrowser_SwiftUIApp.swift */; };
		DBB70A642A4F76590053934F /* HomeView.swift in Sources */ = {isa = PBXBuildFile; fileRef = DBB70A632A4F76590053934F /* HomeView.swift */; };
		DBB70A662A4F765E0053934F /* Assets.xcassets in Resources */ = {isa = PBXBuildFile; fileRef = DBB70A652A4F765E0053934F /* Assets.xcassets */; };
		DBB70A692A4F765E0053934F /* Preview Assets.xcassets in Resources */ = {isa = PBXBuildFile; fileRef = DBB70A682A4F765E0053934F /* Preview Assets.xcassets */; };
		DBB70A732A4F765F0053934F /* RecipeBrowser_SwiftUITests.swift in Sources */ = {isa = PBXBuildFile; fileRef = DBB70A722A4F765F0053934F /* RecipeBrowser_SwiftUITests.swift */; };
		DBB70A7D2A4F765F0053934F /* RecipeBrowser_SwiftUIUITests.swift in Sources */ = {isa = PBXBuildFile; fileRef = DBB70A7C2A4F765F0053934F /* RecipeBrowser_SwiftUIUITests.swift */; };
		DBB70A7F2A4F765F0053934F /* RecipeBrowser_SwiftUIUITestsLaunchTests.swift in Sources */ = {isa = PBXBuildFile; fileRef = DBB70A7E2A4F765F0053934F /* RecipeBrowser_SwiftUIUITestsLaunchTests.swift */; };
		DBB70A8C2A4F79370053934F /* NetworkLayer.swift in Sources */ = {isa = PBXBuildFile; fileRef = DBB70A8B2A4F79370053934F /* NetworkLayer.swift */; };
		DBB70A8F2A4F79BA0053934F /* NetworkRequest.swift in Sources */ = {isa = PBXBuildFile; fileRef = DBB70A8E2A4F79BA0053934F /* NetworkRequest.swift */; };
		DBB70A912A4F7B810053934F /* NetworkLayerError.swift in Sources */ = {isa = PBXBuildFile; fileRef = DBB70A902A4F7B810053934F /* NetworkLayerError.swift */; };
		DBB70A932A4F7DFC0053934F /* Constants.swift in Sources */ = {isa = PBXBuildFile; fileRef = DBB70A922A4F7DFC0053934F /* Constants.swift */; };
		DBB70A952A4F88CE0053934F /* MealService.swift in Sources */ = {isa = PBXBuildFile; fileRef = DBB70A942A4F88CE0053934F /* MealService.swift */; };
		DBB70A972A4F99490053934F /* CategoryFilterView.swift in Sources */ = {isa = PBXBuildFile; fileRef = DBB70A962A4F99490053934F /* CategoryFilterView.swift */; };
		DBB70A992A4F9BF70053934F /* Models.swift in Sources */ = {isa = PBXBuildFile; fileRef = DBB70A982A4F9BF70053934F /* Models.swift */; };
		DBB70A9D2A4FA7CF0053934F /* MealCategoryView.swift in Sources */ = {isa = PBXBuildFile; fileRef = DBB70A9C2A4FA7CF0053934F /* MealCategoryView.swift */; };
		DBB70A9F2A4FB3230053934F /* CategoryContentview.swift in Sources */ = {isa = PBXBuildFile; fileRef = DBB70A9E2A4FB3230053934F /* CategoryContentview.swift */; };
		DBB70AA32A4FF1700053934F /* MealRepos.swift in Sources */ = {isa = PBXBuildFile; fileRef = DBB70AA22A4FF1700053934F /* MealRepos.swift */; };
		DBB70AA62A4FF2990053934F /* MealRequest.swift in Sources */ = {isa = PBXBuildFile; fileRef = DBB70AA52A4FF2990053934F /* MealRequest.swift */; };
		DBB70AA82A5008B70053934F /* MealDetailView.swift in Sources */ = {isa = PBXBuildFile; fileRef = DBB70AA72A5008B70053934F /* MealDetailView.swift */; };
		DBB70AAB2A5009DB0053934F /* MealDetailViewModel.swift in Sources */ = {isa = PBXBuildFile; fileRef = DBB70AAA2A5009DB0053934F /* MealDetailViewModel.swift */; };
		DBB70AAE2A500C300053934F /* DetailImageView.swift in Sources */ = {isa = PBXBuildFile; fileRef = DBB70AAD2A500C300053934F /* DetailImageView.swift */; };
/* End PBXBuildFile section */

/* Begin PBXContainerItemProxy section */
		DBB70A6F2A4F765F0053934F /* PBXContainerItemProxy */ = {
			isa = PBXContainerItemProxy;
			containerPortal = DBB70A562A4F76580053934F /* Project object */;
			proxyType = 1;
			remoteGlobalIDString = DBB70A5D2A4F76580053934F;
			remoteInfo = "RecipeBrowser-SwiftUI";
		};
		DBB70A792A4F765F0053934F /* PBXContainerItemProxy */ = {
			isa = PBXContainerItemProxy;
			containerPortal = DBB70A562A4F76580053934F /* Project object */;
			proxyType = 1;
			remoteGlobalIDString = DBB70A5D2A4F76580053934F;
			remoteInfo = "RecipeBrowser-SwiftUI";
		};
/* End PBXContainerItemProxy section */

/* Begin PBXFileReference section */
		DBAAF3082A50173400A5A8EF /* DetailNameLabel.swift */ = {isa = PBXFileReference; lastKnownFileType = sourcecode.swift; path = DetailNameLabel.swift; sourceTree = "<group>"; };
		DBAAF30B2A50183D00A5A8EF /* InstructionsView.swift */ = {isa = PBXFileReference; lastKnownFileType = sourcecode.swift; path = InstructionsView.swift; sourceTree = "<group>"; };
		DBAAF30F2A501EFA00A5A8EF /* IngredientView.swift */ = {isa = PBXFileReference; lastKnownFileType = sourcecode.swift; path = IngredientView.swift; sourceTree = "<group>"; };
		DBAAF3112A50CBFB00A5A8EF /* TitleView.swift */ = {isa = PBXFileReference; lastKnownFileType = sourcecode.swift; path = TitleView.swift; sourceTree = "<group>"; };
		DBB70A5E2A4F76580053934F /* RecipeBrowser-SwiftUI.app */ = {isa = PBXFileReference; explicitFileType = wrapper.application; includeInIndex = 0; path = "RecipeBrowser-SwiftUI.app"; sourceTree = BUILT_PRODUCTS_DIR; };
		DBB70A612A4F76590053934F /* RecipeBrowser_SwiftUIApp.swift */ = {isa = PBXFileReference; lastKnownFileType = sourcecode.swift; path = RecipeBrowser_SwiftUIApp.swift; sourceTree = "<group>"; };
		DBB70A632A4F76590053934F /* HomeView.swift */ = {isa = PBXFileReference; lastKnownFileType = sourcecode.swift; path = HomeView.swift; sourceTree = "<group>"; };
		DBB70A652A4F765E0053934F /* Assets.xcassets */ = {isa = PBXFileReference; lastKnownFileType = folder.assetcatalog; path = Assets.xcassets; sourceTree = "<group>"; };
		DBB70A682A4F765E0053934F /* Preview Assets.xcassets */ = {isa = PBXFileReference; lastKnownFileType = folder.assetcatalog; path = "Preview Assets.xcassets"; sourceTree = "<group>"; };
		DBB70A6E2A4F765F0053934F /* RecipeBrowser-SwiftUITests.xctest */ = {isa = PBXFileReference; explicitFileType = wrapper.cfbundle; includeInIndex = 0; path = "RecipeBrowser-SwiftUITests.xctest"; sourceTree = BUILT_PRODUCTS_DIR; };
		DBB70A722A4F765F0053934F /* RecipeBrowser_SwiftUITests.swift */ = {isa = PBXFileReference; lastKnownFileType = sourcecode.swift; path = RecipeBrowser_SwiftUITests.swift; sourceTree = "<group>"; };
		DBB70A782A4F765F0053934F /* RecipeBrowser-SwiftUIUITests.xctest */ = {isa = PBXFileReference; explicitFileType = wrapper.cfbundle; includeInIndex = 0; path = "RecipeBrowser-SwiftUIUITests.xctest"; sourceTree = BUILT_PRODUCTS_DIR; };
		DBB70A7C2A4F765F0053934F /* RecipeBrowser_SwiftUIUITests.swift */ = {isa = PBXFileReference; lastKnownFileType = sourcecode.swift; path = RecipeBrowser_SwiftUIUITests.swift; sourceTree = "<group>"; };
		DBB70A7E2A4F765F0053934F /* RecipeBrowser_SwiftUIUITestsLaunchTests.swift */ = {isa = PBXFileReference; lastKnownFileType = sourcecode.swift; path = RecipeBrowser_SwiftUIUITestsLaunchTests.swift; sourceTree = "<group>"; };
		DBB70A8B2A4F79370053934F /* NetworkLayer.swift */ = {isa = PBXFileReference; lastKnownFileType = sourcecode.swift; path = NetworkLayer.swift; sourceTree = "<group>"; };
		DBB70A8E2A4F79BA0053934F /* NetworkRequest.swift */ = {isa = PBXFileReference; lastKnownFileType = sourcecode.swift; path = NetworkRequest.swift; sourceTree = "<group>"; };
		DBB70A902A4F7B810053934F /* NetworkLayerError.swift */ = {isa = PBXFileReference; lastKnownFileType = sourcecode.swift; path = NetworkLayerError.swift; sourceTree = "<group>"; };
		DBB70A922A4F7DFC0053934F /* Constants.swift */ = {isa = PBXFileReference; lastKnownFileType = sourcecode.swift; path = Constants.swift; sourceTree = "<group>"; };
		DBB70A942A4F88CE0053934F /* MealService.swift */ = {isa = PBXFileReference; lastKnownFileType = sourcecode.swift; path = MealService.swift; sourceTree = "<group>"; };
		DBB70A962A4F99490053934F /* CategoryFilterView.swift */ = {isa = PBXFileReference; lastKnownFileType = sourcecode.swift; path = CategoryFilterView.swift; sourceTree = "<group>"; };
		DBB70A982A4F9BF70053934F /* Models.swift */ = {isa = PBXFileReference; lastKnownFileType = sourcecode.swift; path = Models.swift; sourceTree = "<group>"; };
		DBB70A9C2A4FA7CF0053934F /* MealCategoryView.swift */ = {isa = PBXFileReference; lastKnownFileType = sourcecode.swift; path = MealCategoryView.swift; sourceTree = "<group>"; };
		DBB70A9E2A4FB3230053934F /* CategoryContentview.swift */ = {isa = PBXFileReference; lastKnownFileType = sourcecode.swift; path = CategoryContentview.swift; sourceTree = "<group>"; };
		DBB70AA22A4FF1700053934F /* MealRepos.swift */ = {isa = PBXFileReference; lastKnownFileType = sourcecode.swift; path = MealRepos.swift; sourceTree = "<group>"; };
		DBB70AA52A4FF2990053934F /* MealRequest.swift */ = {isa = PBXFileReference; lastKnownFileType = sourcecode.swift; path = MealRequest.swift; sourceTree = "<group>"; };
		DBB70AA72A5008B70053934F /* MealDetailView.swift */ = {isa = PBXFileReference; lastKnownFileType = sourcecode.swift; path = MealDetailView.swift; sourceTree = "<group>"; };
		DBB70AAA2A5009DB0053934F /* MealDetailViewModel.swift */ = {isa = PBXFileReference; lastKnownFileType = sourcecode.swift; path = MealDetailViewModel.swift; sourceTree = "<group>"; };
		DBB70AAD2A500C300053934F /* DetailImageView.swift */ = {isa = PBXFileReference; lastKnownFileType = sourcecode.swift; path = DetailImageView.swift; sourceTree = "<group>"; };
/* End PBXFileReference section */

/* Begin PBXFrameworksBuildPhase section */
		DBB70A5B2A4F76580053934F /* Frameworks */ = {
			isa = PBXFrameworksBuildPhase;
			buildActionMask = 2147483647;
			files = (
			);
			runOnlyForDeploymentPostprocessing = 0;
		};
		DBB70A6B2A4F765F0053934F /* Frameworks */ = {
			isa = PBXFrameworksBuildPhase;
			buildActionMask = 2147483647;
			files = (
			);
			runOnlyForDeploymentPostprocessing = 0;
		};
		DBB70A752A4F765F0053934F /* Frameworks */ = {
			isa = PBXFrameworksBuildPhase;
			buildActionMask = 2147483647;
			files = (
			);
			runOnlyForDeploymentPostprocessing = 0;
		};
/* End PBXFrameworksBuildPhase section */

/* Begin PBXGroup section */
		DBAAF30A2A50179F00A5A8EF /* Components */ = {
			isa = PBXGroup;
			children = (
				DBB70AAD2A500C300053934F /* DetailImageView.swift */,
				DBAAF3082A50173400A5A8EF /* DetailNameLabel.swift */,
				DBAAF30B2A50183D00A5A8EF /* InstructionsView.swift */,
				DBAAF30F2A501EFA00A5A8EF /* IngredientView.swift */,
			);
			path = Components;
			sourceTree = "<group>";
		};
		DBB70A552A4F76580053934F = {
			isa = PBXGroup;
			children = (
				DBB70A602A4F76580053934F /* RecipeBrowser-SwiftUI */,
				DBB70A712A4F765F0053934F /* RecipeBrowser-SwiftUITests */,
				DBB70A7B2A4F765F0053934F /* RecipeBrowser-SwiftUIUITests */,
				DBB70A5F2A4F76580053934F /* Products */,
			);
			sourceTree = "<group>";
		};
		DBB70A5F2A4F76580053934F /* Products */ = {
			isa = PBXGroup;
			children = (
				DBB70A5E2A4F76580053934F /* RecipeBrowser-SwiftUI.app */,
				DBB70A6E2A4F765F0053934F /* RecipeBrowser-SwiftUITests.xctest */,
				DBB70A782A4F765F0053934F /* RecipeBrowser-SwiftUIUITests.xctest */,
			);
			name = Products;
			sourceTree = "<group>";
		};
		DBB70A602A4F76580053934F /* RecipeBrowser-SwiftUI */ = {
			isa = PBXGroup;
			children = (
				DBB70A612A4F76590053934F /* RecipeBrowser_SwiftUIApp.swift */,
				DBB70AA02A4FF0A80053934F /* Model */,
				DBB70A9A2A4FA72C0053934F /* Home */,
				DBB70AA92A5008BF0053934F /* MealDetail */,
				DBB70A8D2A4F79AC0053934F /* Network */,
				DBB70A652A4F765E0053934F /* Assets.xcassets */,
				DBB70A672A4F765E0053934F /* Preview Content */,
				DBB70A922A4F7DFC0053934F /* Constants.swift */,
				DBB70AA42A4FF2810053934F /* Repositories */,
				DBB70AA12A4FF1040053934F /* MealService */,
			);
			path = "RecipeBrowser-SwiftUI";
			sourceTree = "<group>";
		};
		DBB70A672A4F765E0053934F /* Preview Content */ = {
			isa = PBXGroup;
			children = (
				DBB70A682A4F765E0053934F /* Preview Assets.xcassets */,
			);
			path = "Preview Content";
			sourceTree = "<group>";
		};
		DBB70A712A4F765F0053934F /* RecipeBrowser-SwiftUITests */ = {
			isa = PBXGroup;
			children = (
				DBB70A722A4F765F0053934F /* RecipeBrowser_SwiftUITests.swift */,
			);
			path = "RecipeBrowser-SwiftUITests";
			sourceTree = "<group>";
		};
		DBB70A7B2A4F765F0053934F /* RecipeBrowser-SwiftUIUITests */ = {
			isa = PBXGroup;
			children = (
				DBB70A7C2A4F765F0053934F /* RecipeBrowser_SwiftUIUITests.swift */,
				DBB70A7E2A4F765F0053934F /* RecipeBrowser_SwiftUIUITestsLaunchTests.swift */,
			);
			path = "RecipeBrowser-SwiftUIUITests";
			sourceTree = "<group>";
		};
		DBB70A8D2A4F79AC0053934F /* Network */ = {
			isa = PBXGroup;
			children = (
				DBB70A8B2A4F79370053934F /* NetworkLayer.swift */,
				DBB70A8E2A4F79BA0053934F /* NetworkRequest.swift */,
				DBB70A902A4F7B810053934F /* NetworkLayerError.swift */,
			);
			path = Network;
			sourceTree = "<group>";
		};
		DBB70A9A2A4FA72C0053934F /* Home */ = {
			isa = PBXGroup;
			children = (
				DBB70A632A4F76590053934F /* HomeView.swift */,
				DBB70A9B2A4FA73B0053934F /* Components */,
			);
			path = Home;
			sourceTree = "<group>";
		};
		DBB70A9B2A4FA73B0053934F /* Components */ = {
			isa = PBXGroup;
			children = (
				DBAAF3112A50CBFB00A5A8EF /* TitleView.swift */,
				DBB70A962A4F99490053934F /* CategoryFilterView.swift */,
				DBB70A9C2A4FA7CF0053934F /* MealCategoryView.swift */,
				DBB70A9E2A4FB3230053934F /* CategoryContentview.swift */,
			);
			path = Components;
			sourceTree = "<group>";
		};
		DBB70AA02A4FF0A80053934F /* Model */ = {
			isa = PBXGroup;
			children = (
				DBB70A982A4F9BF70053934F /* Models.swift */,
			);
			path = Model;
			sourceTree = "<group>";
		};
		DBB70AA12A4FF1040053934F /* MealService */ = {
			isa = PBXGroup;
			children = (
				DBB70A942A4F88CE0053934F /* MealService.swift */,
			);
			path = MealService;
			sourceTree = "<group>";
		};
		DBB70AA42A4FF2810053934F /* Repositories */ = {
			isa = PBXGroup;
			children = (
				DBB70AA22A4FF1700053934F /* MealRepos.swift */,
				DBB70AA52A4FF2990053934F /* MealRequest.swift */,
			);
			path = Repositories;
			sourceTree = "<group>";
		};
		DBB70AA92A5008BF0053934F /* MealDetail */ = {
			isa = PBXGroup;
			children = (
				DBB70AA72A5008B70053934F /* MealDetailView.swift */,
				DBB70AAC2A500A170053934F /* View Model */,
				DBAAF30A2A50179F00A5A8EF /* Components */,
			);
			path = MealDetail;
			sourceTree = "<group>";
		};
		DBB70AAC2A500A170053934F /* View Model */ = {
			isa = PBXGroup;
			children = (
				DBB70AAA2A5009DB0053934F /* MealDetailViewModel.swift */,
			);
			path = "View Model";
			sourceTree = "<group>";
		};
/* End PBXGroup section */

/* Begin PBXNativeTarget section */
		DBB70A5D2A4F76580053934F /* RecipeBrowser-SwiftUI */ = {
			isa = PBXNativeTarget;
			buildConfigurationList = DBB70A822A4F765F0053934F /* Build configuration list for PBXNativeTarget "RecipeBrowser-SwiftUI" */;
			buildPhases = (
				DBB70A5A2A4F76580053934F /* Sources */,
				DBB70A5B2A4F76580053934F /* Frameworks */,
				DBB70A5C2A4F76580053934F /* Resources */,
			);
			buildRules = (
			);
			dependencies = (
			);
			name = "RecipeBrowser-SwiftUI";
			productName = "RecipeBrowser-SwiftUI";
			productReference = DBB70A5E2A4F76580053934F /* RecipeBrowser-SwiftUI.app */;
			productType = "com.apple.product-type.application";
		};
		DBB70A6D2A4F765F0053934F /* RecipeBrowser-SwiftUITests */ = {
			isa = PBXNativeTarget;
			buildConfigurationList = DBB70A852A4F765F0053934F /* Build configuration list for PBXNativeTarget "RecipeBrowser-SwiftUITests" */;
			buildPhases = (
				DBB70A6A2A4F765F0053934F /* Sources */,
				DBB70A6B2A4F765F0053934F /* Frameworks */,
				DBB70A6C2A4F765F0053934F /* Resources */,
			);
			buildRules = (
			);
			dependencies = (
				DBB70A702A4F765F0053934F /* PBXTargetDependency */,
			);
			name = "RecipeBrowser-SwiftUITests";
			productName = "RecipeBrowser-SwiftUITests";
			productReference = DBB70A6E2A4F765F0053934F /* RecipeBrowser-SwiftUITests.xctest */;
			productType = "com.apple.product-type.bundle.unit-test";
		};
		DBB70A772A4F765F0053934F /* RecipeBrowser-SwiftUIUITests */ = {
			isa = PBXNativeTarget;
			buildConfigurationList = DBB70A882A4F765F0053934F /* Build configuration list for PBXNativeTarget "RecipeBrowser-SwiftUIUITests" */;
			buildPhases = (
				DBB70A742A4F765F0053934F /* Sources */,
				DBB70A752A4F765F0053934F /* Frameworks */,
				DBB70A762A4F765F0053934F /* Resources */,
			);
			buildRules = (
			);
			dependencies = (
				DBB70A7A2A4F765F0053934F /* PBXTargetDependency */,
			);
			name = "RecipeBrowser-SwiftUIUITests";
			productName = "RecipeBrowser-SwiftUIUITests";
			productReference = DBB70A782A4F765F0053934F /* RecipeBrowser-SwiftUIUITests.xctest */;
			productType = "com.apple.product-type.bundle.ui-testing";
		};
/* End PBXNativeTarget section */

/* Begin PBXProject section */
		DBB70A562A4F76580053934F /* Project object */ = {
			isa = PBXProject;
			attributes = {
				BuildIndependentTargetsInParallel = 1;
				LastSwiftUpdateCheck = 1420;
				LastUpgradeCheck = 1420;
				TargetAttributes = {
					DBB70A5D2A4F76580053934F = {
						CreatedOnToolsVersion = 14.2;
					};
					DBB70A6D2A4F765F0053934F = {
						CreatedOnToolsVersion = 14.2;
						TestTargetID = DBB70A5D2A4F76580053934F;
					};
					DBB70A772A4F765F0053934F = {
						CreatedOnToolsVersion = 14.2;
						TestTargetID = DBB70A5D2A4F76580053934F;
					};
				};
			};
			buildConfigurationList = DBB70A592A4F76580053934F /* Build configuration list for PBXProject "RecipeBrowser-SwiftUI" */;
			compatibilityVersion = "Xcode 14.0";
			developmentRegion = en;
			hasScannedForEncodings = 0;
			knownRegions = (
				en,
				Base,
			);
			mainGroup = DBB70A552A4F76580053934F;
			productRefGroup = DBB70A5F2A4F76580053934F /* Products */;
			projectDirPath = "";
			projectRoot = "";
			targets = (
				DBB70A5D2A4F76580053934F /* RecipeBrowser-SwiftUI */,
				DBB70A6D2A4F765F0053934F /* RecipeBrowser-SwiftUITests */,
				DBB70A772A4F765F0053934F /* RecipeBrowser-SwiftUIUITests */,
			);
		};
/* End PBXProject section */

/* Begin PBXResourcesBuildPhase section */
		DBB70A5C2A4F76580053934F /* Resources */ = {
			isa = PBXResourcesBuildPhase;
			buildActionMask = 2147483647;
			files = (
				DBB70A692A4F765E0053934F /* Preview Assets.xcassets in Resources */,
				DBB70A662A4F765E0053934F /* Assets.xcassets in Resources */,
			);
			runOnlyForDeploymentPostprocessing = 0;
		};
		DBB70A6C2A4F765F0053934F /* Resources */ = {
			isa = PBXResourcesBuildPhase;
			buildActionMask = 2147483647;
			files = (
			);
			runOnlyForDeploymentPostprocessing = 0;
		};
		DBB70A762A4F765F0053934F /* Resources */ = {
			isa = PBXResourcesBuildPhase;
			buildActionMask = 2147483647;
			files = (
			);
			runOnlyForDeploymentPostprocessing = 0;
		};
/* End PBXResourcesBuildPhase section */

/* Begin PBXSourcesBuildPhase section */
		DBB70A5A2A4F76580053934F /* Sources */ = {
			isa = PBXSourcesBuildPhase;
			buildActionMask = 2147483647;
			files = (
				DBAAF3092A50173400A5A8EF /* DetailNameLabel.swift in Sources */,
				DBB70A912A4F7B810053934F /* NetworkLayerError.swift in Sources */,
				DBB70AAE2A500C300053934F /* DetailImageView.swift in Sources */,
				DBB70A952A4F88CE0053934F /* MealService.swift in Sources */,
				DBB70AA32A4FF1700053934F /* MealRepos.swift in Sources */,
				DBB70A8C2A4F79370053934F /* NetworkLayer.swift in Sources */,
				DBB70AA82A5008B70053934F /* MealDetailView.swift in Sources */,
				DBAAF30C2A50183D00A5A8EF /* InstructionsView.swift in Sources */,
				DBB70AA62A4FF2990053934F /* MealRequest.swift in Sources */,
				DBB70A9F2A4FB3230053934F /* CategoryContentview.swift in Sources */,
				DBB70A642A4F76590053934F /* HomeView.swift in Sources */,
				DBB70A8F2A4F79BA0053934F /* NetworkRequest.swift in Sources */,
				DBB70A9D2A4FA7CF0053934F /* MealCategoryView.swift in Sources */,
				DBAAF3102A501EFA00A5A8EF /* IngredientView.swift in Sources */,
				DBB70A622A4F76590053934F /* RecipeBrowser_SwiftUIApp.swift in Sources */,
				DBB70A992A4F9BF70053934F /* Models.swift in Sources */,
				DBB70A932A4F7DFC0053934F /* Constants.swift in Sources */,
				DBB70AAB2A5009DB0053934F /* MealDetailViewModel.swift in Sources */,
				DBB70A972A4F99490053934F /* CategoryFilterView.swift in Sources */,
				DBAAF3122A50CBFB00A5A8EF /* TitleView.swift in Sources */,
			);
			runOnlyForDeploymentPostprocessing = 0;
		};
		DBB70A6A2A4F765F0053934F /* Sources */ = {
			isa = PBXSourcesBuildPhase;
			buildActionMask = 2147483647;
			files = (
				DBB70A732A4F765F0053934F /* RecipeBrowser_SwiftUITests.swift in Sources */,
			);
			runOnlyForDeploymentPostprocessing = 0;
		};
		DBB70A742A4F765F0053934F /* Sources */ = {
			isa = PBXSourcesBuildPhase;
			buildActionMask = 2147483647;
			files = (
				DBB70A7D2A4F765F0053934F /* RecipeBrowser_SwiftUIUITests.swift in Sources */,
				DBB70A7F2A4F765F0053934F /* RecipeBrowser_SwiftUIUITestsLaunchTests.swift in Sources */,
			);
			runOnlyForDeploymentPostprocessing = 0;
		};
/* End PBXSourcesBuildPhase section */

/* Begin PBXTargetDependency section */
		DBB70A702A4F765F0053934F /* PBXTargetDependency */ = {
			isa = PBXTargetDependency;
			target = DBB70A5D2A4F76580053934F /* RecipeBrowser-SwiftUI */;
			targetProxy = DBB70A6F2A4F765F0053934F /* PBXContainerItemProxy */;
		};
		DBB70A7A2A4F765F0053934F /* PBXTargetDependency */ = {
			isa = PBXTargetDependency;
			target = DBB70A5D2A4F76580053934F /* RecipeBrowser-SwiftUI */;
			targetProxy = DBB70A792A4F765F0053934F /* PBXContainerItemProxy */;
		};
/* End PBXTargetDependency section */

/* Begin XCBuildConfiguration section */
		DBB70A802A4F765F0053934F /* Debug */ = {
			isa = XCBuildConfiguration;
			buildSettings = {
				ALWAYS_SEARCH_USER_PATHS = NO;
				CLANG_ANALYZER_NONNULL = YES;
				CLANG_ANALYZER_NUMBER_OBJECT_CONVERSION = YES_AGGRESSIVE;
				CLANG_CXX_LANGUAGE_STANDARD = "gnu++20";
				CLANG_ENABLE_MODULES = YES;
				CLANG_ENABLE_OBJC_ARC = YES;
				CLANG_ENABLE_OBJC_WEAK = YES;
				CLANG_WARN_BLOCK_CAPTURE_AUTORELEASING = YES;
				CLANG_WARN_BOOL_CONVERSION = YES;
				CLANG_WARN_COMMA = YES;
				CLANG_WARN_CONSTANT_CONVERSION = YES;
				CLANG_WARN_DEPRECATED_OBJC_IMPLEMENTATIONS = YES;
				CLANG_WARN_DIRECT_OBJC_ISA_USAGE = YES_ERROR;
				CLANG_WARN_DOCUMENTATION_COMMENTS = YES;
				CLANG_WARN_EMPTY_BODY = YES;
				CLANG_WARN_ENUM_CONVERSION = YES;
				CLANG_WARN_INFINITE_RECURSION = YES;
				CLANG_WARN_INT_CONVERSION = YES;
				CLANG_WARN_NON_LITERAL_NULL_CONVERSION = YES;
				CLANG_WARN_OBJC_IMPLICIT_RETAIN_SELF = YES;
				CLANG_WARN_OBJC_LITERAL_CONVERSION = YES;
				CLANG_WARN_OBJC_ROOT_CLASS = YES_ERROR;
				CLANG_WARN_QUOTED_INCLUDE_IN_FRAMEWORK_HEADER = YES;
				CLANG_WARN_RANGE_LOOP_ANALYSIS = YES;
				CLANG_WARN_STRICT_PROTOTYPES = YES;
				CLANG_WARN_SUSPICIOUS_MOVE = YES;
				CLANG_WARN_UNGUARDED_AVAILABILITY = YES_AGGRESSIVE;
				CLANG_WARN_UNREACHABLE_CODE = YES;
				CLANG_WARN__DUPLICATE_METHOD_MATCH = YES;
				COPY_PHASE_STRIP = NO;
				DEBUG_INFORMATION_FORMAT = dwarf;
				ENABLE_STRICT_OBJC_MSGSEND = YES;
				ENABLE_TESTABILITY = YES;
				GCC_C_LANGUAGE_STANDARD = gnu11;
				GCC_DYNAMIC_NO_PIC = NO;
				GCC_NO_COMMON_BLOCKS = YES;
				GCC_OPTIMIZATION_LEVEL = 0;
				GCC_PREPROCESSOR_DEFINITIONS = (
					"DEBUG=1",
					"$(inherited)",
				);
				GCC_WARN_64_TO_32_BIT_CONVERSION = YES;
				GCC_WARN_ABOUT_RETURN_TYPE = YES_ERROR;
				GCC_WARN_UNDECLARED_SELECTOR = YES;
				GCC_WARN_UNINITIALIZED_AUTOS = YES_AGGRESSIVE;
				GCC_WARN_UNUSED_FUNCTION = YES;
				GCC_WARN_UNUSED_VARIABLE = YES;
				IPHONEOS_DEPLOYMENT_TARGET = 16.2;
				MTL_ENABLE_DEBUG_INFO = INCLUDE_SOURCE;
				MTL_FAST_MATH = YES;
				ONLY_ACTIVE_ARCH = YES;
				SDKROOT = iphoneos;
				SWIFT_ACTIVE_COMPILATION_CONDITIONS = DEBUG;
				SWIFT_OPTIMIZATION_LEVEL = "-Onone";
			};
			name = Debug;
		};
		DBB70A812A4F765F0053934F /* Release */ = {
			isa = XCBuildConfiguration;
			buildSettings = {
				ALWAYS_SEARCH_USER_PATHS = NO;
				CLANG_ANALYZER_NONNULL = YES;
				CLANG_ANALYZER_NUMBER_OBJECT_CONVERSION = YES_AGGRESSIVE;
				CLANG_CXX_LANGUAGE_STANDARD = "gnu++20";
				CLANG_ENABLE_MODULES = YES;
				CLANG_ENABLE_OBJC_ARC = YES;
				CLANG_ENABLE_OBJC_WEAK = YES;
				CLANG_WARN_BLOCK_CAPTURE_AUTORELEASING = YES;
				CLANG_WARN_BOOL_CONVERSION = YES;
				CLANG_WARN_COMMA = YES;
				CLANG_WARN_CONSTANT_CONVERSION = YES;
				CLANG_WARN_DEPRECATED_OBJC_IMPLEMENTATIONS = YES;
				CLANG_WARN_DIRECT_OBJC_ISA_USAGE = YES_ERROR;
				CLANG_WARN_DOCUMENTATION_COMMENTS = YES;
				CLANG_WARN_EMPTY_BODY = YES;
				CLANG_WARN_ENUM_CONVERSION = YES;
				CLANG_WARN_INFINITE_RECURSION = YES;
				CLANG_WARN_INT_CONVERSION = YES;
				CLANG_WARN_NON_LITERAL_NULL_CONVERSION = YES;
				CLANG_WARN_OBJC_IMPLICIT_RETAIN_SELF = YES;
				CLANG_WARN_OBJC_LITERAL_CONVERSION = YES;
				CLANG_WARN_OBJC_ROOT_CLASS = YES_ERROR;
				CLANG_WARN_QUOTED_INCLUDE_IN_FRAMEWORK_HEADER = YES;
				CLANG_WARN_RANGE_LOOP_ANALYSIS = YES;
				CLANG_WARN_STRICT_PROTOTYPES = YES;
				CLANG_WARN_SUSPICIOUS_MOVE = YES;
				CLANG_WARN_UNGUARDED_AVAILABILITY = YES_AGGRESSIVE;
				CLANG_WARN_UNREACHABLE_CODE = YES;
				CLANG_WARN__DUPLICATE_METHOD_MATCH = YES;
				COPY_PHASE_STRIP = NO;
				DEBUG_INFORMATION_FORMAT = "dwarf-with-dsym";
				ENABLE_NS_ASSERTIONS = NO;
				ENABLE_STRICT_OBJC_MSGSEND = YES;
				GCC_C_LANGUAGE_STANDARD = gnu11;
				GCC_NO_COMMON_BLOCKS = YES;
				GCC_WARN_64_TO_32_BIT_CONVERSION = YES;
				GCC_WARN_ABOUT_RETURN_TYPE = YES_ERROR;
				GCC_WARN_UNDECLARED_SELECTOR = YES;
				GCC_WARN_UNINITIALIZED_AUTOS = YES_AGGRESSIVE;
				GCC_WARN_UNUSED_FUNCTION = YES;
				GCC_WARN_UNUSED_VARIABLE = YES;
				IPHONEOS_DEPLOYMENT_TARGET = 16.2;
				MTL_ENABLE_DEBUG_INFO = NO;
				MTL_FAST_MATH = YES;
				SDKROOT = iphoneos;
				SWIFT_COMPILATION_MODE = wholemodule;
				SWIFT_OPTIMIZATION_LEVEL = "-O";
				VALIDATE_PRODUCT = YES;
			};
			name = Release;
		};
		DBB70A832A4F765F0053934F /* Debug */ = {
			isa = XCBuildConfiguration;
			buildSettings = {
				ASSETCATALOG_COMPILER_APPICON_NAME = AppIcon;
				ASSETCATALOG_COMPILER_GLOBAL_ACCENT_COLOR_NAME = AccentColor;
				CODE_SIGN_STYLE = Automatic;
				CURRENT_PROJECT_VERSION = 1;
				DEVELOPMENT_ASSET_PATHS = "\"RecipeBrowser-SwiftUI/Preview Content\"";
				DEVELOPMENT_TEAM = 767ELXNDQ9;
				ENABLE_PREVIEWS = YES;
				GENERATE_INFOPLIST_FILE = YES;
				INFOPLIST_KEY_UIApplicationSceneManifest_Generation = YES;
				INFOPLIST_KEY_UIApplicationSupportsIndirectInputEvents = YES;
				INFOPLIST_KEY_UILaunchScreen_Generation = YES;
				INFOPLIST_KEY_UISupportedInterfaceOrientations_iPad = "UIInterfaceOrientationPortrait UIInterfaceOrientationPortraitUpsideDown UIInterfaceOrientationLandscapeLeft UIInterfaceOrientationLandscapeRight";
				INFOPLIST_KEY_UISupportedInterfaceOrientations_iPhone = "UIInterfaceOrientationPortrait UIInterfaceOrientationLandscapeLeft UIInterfaceOrientationLandscapeRight";
				LD_RUNPATH_SEARCH_PATHS = (
					"$(inherited)",
					"@executable_path/Frameworks",
				);
				MARKETING_VERSION = 1.0;
				PRODUCT_BUNDLE_IDENTIFIER = "com.Ajibola.Yemi.RecipeBrowser-SwiftUI";
				PRODUCT_NAME = "$(TARGET_NAME)";
				SWIFT_EMIT_LOC_STRINGS = YES;
				SWIFT_VERSION = 5.0;
				TARGETED_DEVICE_FAMILY = "1,2";
			};
			name = Debug;
		};
		DBB70A842A4F765F0053934F /* Release */ = {
			isa = XCBuildConfiguration;
			buildSettings = {
				ASSETCATALOG_COMPILER_APPICON_NAME = AppIcon;
				ASSETCATALOG_COMPILER_GLOBAL_ACCENT_COLOR_NAME = AccentColor;
				CODE_SIGN_STYLE = Automatic;
				CURRENT_PROJECT_VERSION = 1;
				DEVELOPMENT_ASSET_PATHS = "\"RecipeBrowser-SwiftUI/Preview Content\"";
				DEVELOPMENT_TEAM = 767ELXNDQ9;
				ENABLE_PREVIEWS = YES;
				GENERATE_INFOPLIST_FILE = YES;
				INFOPLIST_KEY_UIApplicationSceneManifest_Generation = YES;
				INFOPLIST_KEY_UIApplicationSupportsIndirectInputEvents = YES;
				INFOPLIST_KEY_UILaunchScreen_Generation = YES;
				INFOPLIST_KEY_UISupportedInterfaceOrientations_iPad = "UIInterfaceOrientationPortrait UIInterfaceOrientationPortraitUpsideDown UIInterfaceOrientationLandscapeLeft UIInterfaceOrientationLandscapeRight";
				INFOPLIST_KEY_UISupportedInterfaceOrientations_iPhone = "UIInterfaceOrientationPortrait UIInterfaceOrientationLandscapeLeft UIInterfaceOrientationLandscapeRight";
				LD_RUNPATH_SEARCH_PATHS = (
					"$(inherited)",
					"@executable_path/Frameworks",
				);
				MARKETING_VERSION = 1.0;
				PRODUCT_BUNDLE_IDENTIFIER = "com.Ajibola.Yemi.RecipeBrowser-SwiftUI";
				PRODUCT_NAME = "$(TARGET_NAME)";
				SWIFT_EMIT_LOC_STRINGS = YES;
				SWIFT_VERSION = 5.0;
				TARGETED_DEVICE_FAMILY = "1,2";
			};
			name = Release;
		};
		DBB70A862A4F765F0053934F /* Debug */ = {
			isa = XCBuildConfiguration;
			buildSettings = {
				ALWAYS_EMBED_SWIFT_STANDARD_LIBRARIES = YES;
				BUNDLE_LOADER = "$(TEST_HOST)";
				CODE_SIGN_STYLE = Automatic;
				CURRENT_PROJECT_VERSION = 1;
				DEVELOPMENT_TEAM = 767ELXNDQ9;
				GENERATE_INFOPLIST_FILE = YES;
				IPHONEOS_DEPLOYMENT_TARGET = 16.2;
				MARKETING_VERSION = 1.0;
				PRODUCT_BUNDLE_IDENTIFIER = "com.Ajibola.Yemi.RecipeBrowser-SwiftUITests";
				PRODUCT_NAME = "$(TARGET_NAME)";
				SWIFT_EMIT_LOC_STRINGS = NO;
				SWIFT_VERSION = 5.0;
				TARGETED_DEVICE_FAMILY = "1,2";
				TEST_HOST = "$(BUILT_PRODUCTS_DIR)/RecipeBrowser-SwiftUI.app/$(BUNDLE_EXECUTABLE_FOLDER_PATH)/RecipeBrowser-SwiftUI";
			};
			name = Debug;
		};
		DBB70A872A4F765F0053934F /* Release */ = {
			isa = XCBuildConfiguration;
			buildSettings = {
				ALWAYS_EMBED_SWIFT_STANDARD_LIBRARIES = YES;
				BUNDLE_LOADER = "$(TEST_HOST)";
				CODE_SIGN_STYLE = Automatic;
				CURRENT_PROJECT_VERSION = 1;
				DEVELOPMENT_TEAM = 767ELXNDQ9;
				GENERATE_INFOPLIST_FILE = YES;
				IPHONEOS_DEPLOYMENT_TARGET = 16.2;
				MARKETING_VERSION = 1.0;
				PRODUCT_BUNDLE_IDENTIFIER = "com.Ajibola.Yemi.RecipeBrowser-SwiftUITests";
				PRODUCT_NAME = "$(TARGET_NAME)";
				SWIFT_EMIT_LOC_STRINGS = NO;
				SWIFT_VERSION = 5.0;
				TARGETED_DEVICE_FAMILY = "1,2";
				TEST_HOST = "$(BUILT_PRODUCTS_DIR)/RecipeBrowser-SwiftUI.app/$(BUNDLE_EXECUTABLE_FOLDER_PATH)/RecipeBrowser-SwiftUI";
			};
			name = Release;
		};
		DBB70A892A4F765F0053934F /* Debug */ = {
			isa = XCBuildConfiguration;
			buildSettings = {
				ALWAYS_EMBED_SWIFT_STANDARD_LIBRARIES = YES;
				CODE_SIGN_STYLE = Automatic;
				CURRENT_PROJECT_VERSION = 1;
				DEVELOPMENT_TEAM = 767ELXNDQ9;
				GENERATE_INFOPLIST_FILE = YES;
				MARKETING_VERSION = 1.0;
				PRODUCT_BUNDLE_IDENTIFIER = "com.Ajibola.Yemi.RecipeBrowser-SwiftUIUITests";
				PRODUCT_NAME = "$(TARGET_NAME)";
				SWIFT_EMIT_LOC_STRINGS = NO;
				SWIFT_VERSION = 5.0;
				TARGETED_DEVICE_FAMILY = "1,2";
				TEST_TARGET_NAME = "RecipeBrowser-SwiftUI";
			};
			name = Debug;
		};
		DBB70A8A2A4F765F0053934F /* Release */ = {
			isa = XCBuildConfiguration;
			buildSettings = {
				ALWAYS_EMBED_SWIFT_STANDARD_LIBRARIES = YES;
				CODE_SIGN_STYLE = Automatic;
				CURRENT_PROJECT_VERSION = 1;
				DEVELOPMENT_TEAM = 767ELXNDQ9;
				GENERATE_INFOPLIST_FILE = YES;
				MARKETING_VERSION = 1.0;
				PRODUCT_BUNDLE_IDENTIFIER = "com.Ajibola.Yemi.RecipeBrowser-SwiftUIUITests";
				PRODUCT_NAME = "$(TARGET_NAME)";
				SWIFT_EMIT_LOC_STRINGS = NO;
				SWIFT_VERSION = 5.0;
				TARGETED_DEVICE_FAMILY = "1,2";
				TEST_TARGET_NAME = "RecipeBrowser-SwiftUI";
			};
			name = Release;
		};
/* End XCBuildConfiguration section */

/* Begin XCConfigurationList section */
		DBB70A592A4F76580053934F /* Build configuration list for PBXProject "RecipeBrowser-SwiftUI" */ = {
			isa = XCConfigurationList;
			buildConfigurations = (
				DBB70A802A4F765F0053934F /* Debug */,
				DBB70A812A4F765F0053934F /* Release */,
			);
			defaultConfigurationIsVisible = 0;
			defaultConfigurationName = Release;
		};
		DBB70A822A4F765F0053934F /* Build configuration list for PBXNativeTarget "RecipeBrowser-SwiftUI" */ = {
			isa = XCConfigurationList;
			buildConfigurations = (
				DBB70A832A4F765F0053934F /* Debug */,
				DBB70A842A4F765F0053934F /* Release */,
			);
			defaultConfigurationIsVisible = 0;
			defaultConfigurationName = Release;
		};
		DBB70A852A4F765F0053934F /* Build configuration list for PBXNativeTarget "RecipeBrowser-SwiftUITests" */ = {
			isa = XCConfigurationList;
			buildConfigurations = (
				DBB70A862A4F765F0053934F /* Debug */,
				DBB70A872A4F765F0053934F /* Release */,
			);
			defaultConfigurationIsVisible = 0;
			defaultConfigurationName = Release;
		};
		DBB70A882A4F765F0053934F /* Build configuration list for PBXNativeTarget "RecipeBrowser-SwiftUIUITests" */ = {
			isa = XCConfigurationList;
			buildConfigurations = (
				DBB70A892A4F765F0053934F /* Debug */,
				DBB70A8A2A4F765F0053934F /* Release */,
			);
			defaultConfigurationIsVisible = 0;
			defaultConfigurationName = Release;
		};
/* End XCConfigurationList section */
	};
	rootObject = DBB70A562A4F76580053934F /* Project object */;
}
